
Microsoft Visual Studio Solution File, Format Version 12.00
# Visual Studio Version 17
VisualStudioVersion = 17.13.35806.99 d17.13
MinimumVisualStudioVersion = 10.0.40219.1
Project("{FAE04EC0-301F-11D3-BF4B-00C04F79EFBC}") = "EcoRegion", "EcoRegion.csproj", "{CB3CA502-8725-4C04-9019-2024F4F9EDBA}"
EndProject
Global
	GlobalSection(SolutionConfigurationPlatforms) = preSolution
		Debug|Any CPU = Debug|Any CPU
		Release|Any CPU = Release|Any CPU
	EndGlobalSection
	GlobalSection(ProjectConfigurationPlatforms) = postSolution
		{CB3CA502-8725-4C04-9019-2024F4F9EDBA}.Debug|Any CPU.ActiveCfg = Debug|Any CPU
		{CB3CA502-8725-4C04-9019-2024F4F9EDBA}.Debug|Any CPU.Build.0 = Debug|Any CPU
		{CB3CA502-8725-4C04-9019-2024F4F9EDBA}.Release|Any CPU.ActiveCfg = Release|Any CPU
		{CB3CA502-8725-4C04-9019-2024F4F9EDBA}.Release|Any CPU.Build.0 = Release|Any CPU
	EndGlobalSection
	GlobalSection(SolutionProperties) = preSolution
		HideSolutionNode = FALSE
	EndGlobalSection
	GlobalSection(ExtensibilityGlobals) = postSolution
		SolutionGuid = {A16C5772-3EA4-410C-8ABA-51EF3651BD4F}
	EndGlobalSection
EndGlobal
